
Microsoft Visual Studio Solution File, Format Version 12.00
# Visual Studio 15
VisualStudioVersion = 15.0.27130.2024
MinimumVisualStudioVersion = 10.0.40219.1
Project("{9A19103F-16F7-4668-BE54-9A1E7A4F7556}") = "ExeRH", "ExeRH\ExeRH.csproj", "{98226CA7-9F3C-4AF1-B43A-96B9C87D15D2}"
EndProject
Project("{9A19103F-16F7-4668-BE54-9A1E7A4F7556}") = "ExeRH.Tests", "ExeRH.Tests\ExeRH.Tests.csproj", "{542E5B56-30CE-495C-948C-C37D1B596A83}"
EndProject
Global
	GlobalSection(SolutionConfigurationPlatforms) = preSolution
		Debug|Any CPU = Debug|Any CPU
		Release|Any CPU = Release|Any CPU
	EndGlobalSection
	GlobalSection(ProjectConfigurationPlatforms) = postSolution
		{98226CA7-9F3C-4AF1-B43A-96B9C87D15D2}.Debug|Any CPU.ActiveCfg = Debug|Any CPU
		{98226CA7-9F3C-4AF1-B43A-96B9C87D15D2}.Debug|Any CPU.Build.0 = Debug|Any CPU
		{98226CA7-9F3C-4AF1-B43A-96B9C87D15D2}.Release|Any CPU.ActiveCfg = Release|Any CPU
		{98226CA7-9F3C-4AF1-B43A-96B9C87D15D2}.Release|Any CPU.Build.0 = Release|Any CPU
		{542E5B56-30CE-495C-948C-C37D1B596A83}.Debug|Any CPU.ActiveCfg = Debug|Any CPU
		{542E5B56-30CE-495C-948C-C37D1B596A83}.Debug|Any CPU.Build.0 = Debug|Any CPU
		{542E5B56-30CE-495C-948C-C37D1B596A83}.Release|Any CPU.ActiveCfg = Release|Any CPU
		{542E5B56-30CE-495C-948C-C37D1B596A83}.Release|Any CPU.Build.0 = Release|Any CPU
	EndGlobalSection
	GlobalSection(SolutionProperties) = preSolution
		HideSolutionNode = FALSE
	EndGlobalSection
	GlobalSection(ExtensibilityGlobals) = postSolution
		SolutionGuid = {80C1F208-7111-4871-A850-A8A31C947F5B}
	EndGlobalSection
EndGlobal
